// !$*UTF8*$!
{
	archiveVersion = 1;
	classes = {
	};
	objectVersion = 50;
	objects = {

/* Begin PBXBuildFile section */
		933E1354254925C300D359E3 /* What_s_Where__Core_Data_App.swift in Sources */ = {isa = PBXBuildFile; fileRef = 933E1353254925C300D359E3 /* What_s_Where__Core_Data_App.swift */; };
		933E1356254925C300D359E3 /* ContentView.swift in Sources */ = {isa = PBXBuildFile; fileRef = 933E1355254925C300D359E3 /* ContentView.swift */; };
		933E1358254925C600D359E3 /* Assets.xcassets in Resources */ = {isa = PBXBuildFile; fileRef = 933E1357254925C600D359E3 /* Assets.xcassets */; };
		933E135B254925C600D359E3 /* Preview Assets.xcassets in Resources */ = {isa = PBXBuildFile; fileRef = 933E135A254925C600D359E3 /* Preview Assets.xcassets */; };
		933E135D254925C600D359E3 /* Persistence.swift in Sources */ = {isa = PBXBuildFile; fileRef = 933E135C254925C600D359E3 /* Persistence.swift */; };
		933E1360254925C600D359E3 /* What_s_Where__Core_Data_.xcdatamodeld in Sources */ = {isa = PBXBuildFile; fileRef = 933E135E254925C600D359E3 /* What_s_Where__Core_Data_.xcdatamodeld */; };
		933E136B254925C600D359E3 /* What_s_Where__Core_Data_Tests.swift in Sources */ = {isa = PBXBuildFile; fileRef = 933E136A254925C600D359E3 /* What_s_Where__Core_Data_Tests.swift */; };
		933E1376254925C700D359E3 /* What_s_Where__Core_Data_UITests.swift in Sources */ = {isa = PBXBuildFile; fileRef = 933E1375254925C700D359E3 /* What_s_Where__Core_Data_UITests.swift */; };
		933E1396254927CE00D359E3 /* color.swift in Sources */ = {isa = PBXBuildFile; fileRef = 933E1395254927CE00D359E3 /* color.swift */; };
		933E139D25492B6900D359E3 /* Home.swift in Sources */ = {isa = PBXBuildFile; fileRef = 933E139C25492B6900D359E3 /* Home.swift */; };
		933E13A525492BAE00D359E3 /* HomeViewModel.swift in Sources */ = {isa = PBXBuildFile; fileRef = 933E13A425492BAE00D359E3 /* HomeViewModel.swift */; };
		933E13B225492EF700D359E3 /* NewDataView.swift in Sources */ = {isa = PBXBuildFile; fileRef = 933E13B125492EF700D359E3 /* NewDataView.swift */; };
/* End PBXBuildFile section */

/* Begin PBXContainerItemProxy section */
		933E1367254925C600D359E3 /* PBXContainerItemProxy */ = {
			isa = PBXContainerItemProxy;
			containerPortal = 933E1348254925C300D359E3 /* Project object */;
			proxyType = 1;
			remoteGlobalIDString = 933E134F254925C300D359E3;
			remoteInfo = "What's Where (Core Data)";
		};
		933E1372254925C600D359E3 /* PBXContainerItemProxy */ = {
			isa = PBXContainerItemProxy;
			containerPortal = 933E1348254925C300D359E3 /* Project object */;
			proxyType = 1;
			remoteGlobalIDString = 933E134F254925C300D359E3;
			remoteInfo = "What's Where (Core Data)";
		};
/* End PBXContainerItemProxy section */

/* Begin PBXFileReference section */
		933E1350254925C300D359E3 /* What's Where (Core Data).app */ = {isa = PBXFileReference; explicitFileType = wrapper.application; includeInIndex = 0; path = "What's Where (Core Data).app"; sourceTree = BUILT_PRODUCTS_DIR; };
		933E1353254925C300D359E3 /* What_s_Where__Core_Data_App.swift */ = {isa = PBXFileReference; lastKnownFileType = sourcecode.swift; path = What_s_Where__Core_Data_App.swift; sourceTree = "<group>"; };
		933E1355254925C300D359E3 /* ContentView.swift */ = {isa = PBXFileReference; lastKnownFileType = sourcecode.swift; path = ContentView.swift; sourceTree = "<group>"; };
		933E1357254925C600D359E3 /* Assets.xcassets */ = {isa = PBXFileReference; lastKnownFileType = folder.assetcatalog; path = Assets.xcassets; sourceTree = "<group>"; };
		933E135A254925C600D359E3 /* Preview Assets.xcassets */ = {isa = PBXFileReference; lastKnownFileType = folder.assetcatalog; path = "Preview Assets.xcassets"; sourceTree = "<group>"; };
		933E135C254925C600D359E3 /* Persistence.swift */ = {isa = PBXFileReference; lastKnownFileType = sourcecode.swift; path = Persistence.swift; sourceTree = "<group>"; };
		933E135F254925C600D359E3 /* What_s_Where__Core_Data_.xcdatamodel */ = {isa = PBXFileReference; lastKnownFileType = wrapper.xcdatamodel; path = What_s_Where__Core_Data_.xcdatamodel; sourceTree = "<group>"; };
		933E1361254925C600D359E3 /* Info.plist */ = {isa = PBXFileReference; lastKnownFileType = text.plist.xml; path = Info.plist; sourceTree = "<group>"; };
		933E1366254925C600D359E3 /* What's Where (Core Data)Tests.xctest */ = {isa = PBXFileReference; explicitFileType = wrapper.cfbundle; includeInIndex = 0; path = "What's Where (Core Data)Tests.xctest"; sourceTree = BUILT_PRODUCTS_DIR; };
		933E136A254925C600D359E3 /* What_s_Where__Core_Data_Tests.swift */ = {isa = PBXFileReference; lastKnownFileType = sourcecode.swift; path = What_s_Where__Core_Data_Tests.swift; sourceTree = "<group>"; };
		933E136C254925C600D359E3 /* Info.plist */ = {isa = PBXFileReference; lastKnownFileType = text.plist.xml; path = Info.plist; sourceTree = "<group>"; };
		933E1371254925C600D359E3 /* What's Where (Core Data)UITests.xctest */ = {isa = PBXFileReference; explicitFileType = wrapper.cfbundle; includeInIndex = 0; path = "What's Where (Core Data)UITests.xctest"; sourceTree = BUILT_PRODUCTS_DIR; };
		933E1375254925C700D359E3 /* What_s_Where__Core_Data_UITests.swift */ = {isa = PBXFileReference; lastKnownFileType = sourcecode.swift; path = What_s_Where__Core_Data_UITests.swift; sourceTree = "<group>"; };
		933E1377254925C700D359E3 /* Info.plist */ = {isa = PBXFileReference; lastKnownFileType = text.plist.xml; path = Info.plist; sourceTree = "<group>"; };
		933E1395254927CE00D359E3 /* color.swift */ = {isa = PBXFileReference; lastKnownFileType = sourcecode.swift; path = color.swift; sourceTree = "<group>"; };
		933E139C25492B6900D359E3 /* Home.swift */ = {isa = PBXFileReference; lastKnownFileType = sourcecode.swift; path = Home.swift; sourceTree = "<group>"; };
		933E13A425492BAE00D359E3 /* HomeViewModel.swift */ = {isa = PBXFileReference; lastKnownFileType = sourcecode.swift; path = HomeViewModel.swift; sourceTree = "<group>"; };
		933E13B125492EF700D359E3 /* NewDataView.swift */ = {isa = PBXFileReference; lastKnownFileType = sourcecode.swift; path = NewDataView.swift; sourceTree = "<group>"; };
/* End PBXFileReference section */

/* Begin PBXFrameworksBuildPhase section */
		933E134D254925C300D359E3 /* Frameworks */ = {
			isa = PBXFrameworksBuildPhase;
			buildActionMask = 2147483647;
			files = (
			);
			runOnlyForDeploymentPostprocessing = 0;
		};
		933E1363254925C600D359E3 /* Frameworks */ = {
			isa = PBXFrameworksBuildPhase;
			buildActionMask = 2147483647;
			files = (
			);
			runOnlyForDeploymentPostprocessing = 0;
		};
		933E136E254925C600D359E3 /* Frameworks */ = {
			isa = PBXFrameworksBuildPhase;
			buildActionMask = 2147483647;
			files = (
			);
			runOnlyForDeploymentPostprocessing = 0;
		};
/* End PBXFrameworksBuildPhase section */

/* Begin PBXGroup section */
		933E1347254925C300D359E3 = {
			isa = PBXGroup;
			children = (
				933E1352254925C300D359E3 /* What's Where (Core Data) */,
				933E1369254925C600D359E3 /* What's Where (Core Data)Tests */,
				933E1374254925C700D359E3 /* What's Where (Core Data)UITests */,
				933E1351254925C300D359E3 /* Products */,
			);
			sourceTree = "<group>";
		};
		933E1351254925C300D359E3 /* Products */ = {
			isa = PBXGroup;
			children = (
				933E1350254925C300D359E3 /* What's Where (Core Data).app */,
				933E1366254925C600D359E3 /* What's Where (Core Data)Tests.xctest */,
				933E1371254925C600D359E3 /* What's Where (Core Data)UITests.xctest */,
			);
			name = Products;
			sourceTree = "<group>";
		};
		933E1352254925C300D359E3 /* What's Where (Core Data) */ = {
			isa = PBXGroup;
			children = (
				933E139B25492B3E00D359E3 /* ViewModel */,
				933E139A25492B3100D359E3 /* View */,
				933E1353254925C300D359E3 /* What_s_Where__Core_Data_App.swift */,
				933E1355254925C300D359E3 /* ContentView.swift */,
				933E1357254925C600D359E3 /* Assets.xcassets */,
				933E135C254925C600D359E3 /* Persistence.swift */,
				933E1361254925C600D359E3 /* Info.plist */,
				933E135E254925C600D359E3 /* What_s_Where__Core_Data_.xcdatamodeld */,
				933E1359254925C600D359E3 /* Preview Content */,
				933E1395254927CE00D359E3 /* color.swift */,
			);
			path = "What's Where (Core Data)";
			sourceTree = "<group>";
		};
		933E1359254925C600D359E3 /* Preview Content */ = {
			isa = PBXGroup;
			children = (
				933E135A254925C600D359E3 /* Preview Assets.xcassets */,
			);
			path = "Preview Content";
			sourceTree = "<group>";
		};
		933E1369254925C600D359E3 /* What's Where (Core Data)Tests */ = {
			isa = PBXGroup;
			children = (
				933E136A254925C600D359E3 /* What_s_Where__Core_Data_Tests.swift */,
				933E136C254925C600D359E3 /* Info.plist */,
			);
			path = "What's Where (Core Data)Tests";
			sourceTree = "<group>";
		};
		933E1374254925C700D359E3 /* What's Where (Core Data)UITests */ = {
			isa = PBXGroup;
			children = (
				933E1375254925C700D359E3 /* What_s_Where__Core_Data_UITests.swift */,
				933E1377254925C700D359E3 /* Info.plist */,
			);
			path = "What's Where (Core Data)UITests";
			sourceTree = "<group>";
		};
		933E139A25492B3100D359E3 /* View */ = {
			isa = PBXGroup;
			children = (
				933E139C25492B6900D359E3 /* Home.swift */,
				933E13B125492EF700D359E3 /* NewDataView.swift */,
			);
			path = View;
			sourceTree = "<group>";
		};
		933E139B25492B3E00D359E3 /* ViewModel */ = {
			isa = PBXGroup;
			children = (
				933E13A425492BAE00D359E3 /* HomeViewModel.swift */,
			);
			path = ViewModel;
			sourceTree = "<group>";
		};
/* End PBXGroup section */

/* Begin PBXNativeTarget section */
		933E134F254925C300D359E3 /* What's Where (Core Data) */ = {
			isa = PBXNativeTarget;
			buildConfigurationList = 933E137A254925C700D359E3 /* Build configuration list for PBXNativeTarget "What's Where (Core Data)" */;
			buildPhases = (
				933E134C254925C300D359E3 /* Sources */,
				933E134D254925C300D359E3 /* Frameworks */,
				933E134E254925C300D359E3 /* Resources */,
			);
			buildRules = (
			);
			dependencies = (
			);
			name = "What's Where (Core Data)";
			productName = "What's Where (Core Data)";
			productReference = 933E1350254925C300D359E3 /* What's Where (Core Data).app */;
			productType = "com.apple.product-type.application";
		};
		933E1365254925C600D359E3 /* What's Where (Core Data)Tests */ = {
			isa = PBXNativeTarget;
			buildConfigurationList = 933E137D254925C700D359E3 /* Build configuration list for PBXNativeTarget "What's Where (Core Data)Tests" */;
			buildPhases = (
				933E1362254925C600D359E3 /* Sources */,
				933E1363254925C600D359E3 /* Frameworks */,
				933E1364254925C600D359E3 /* Resources */,
			);
			buildRules = (
			);
			dependencies = (
				933E1368254925C600D359E3 /* PBXTargetDependency */,
			);
			name = "What's Where (Core Data)Tests";
			productName = "What's Where (Core Data)Tests";
			productReference = 933E1366254925C600D359E3 /* What's Where (Core Data)Tests.xctest */;
			productType = "com.apple.product-type.bundle.unit-test";
		};
		933E1370254925C600D359E3 /* What's Where (Core Data)UITests */ = {
			isa = PBXNativeTarget;
			buildConfigurationList = 933E1380254925C700D359E3 /* Build configuration list for PBXNativeTarget "What's Where (Core Data)UITests" */;
			buildPhases = (
				933E136D254925C600D359E3 /* Sources */,
				933E136E254925C600D359E3 /* Frameworks */,
				933E136F254925C600D359E3 /* Resources */,
			);
			buildRules = (
			);
			dependencies = (
				933E1373254925C600D359E3 /* PBXTargetDependency */,
			);
			name = "What's Where (Core Data)UITests";
			productName = "What's Where (Core Data)UITests";
			productReference = 933E1371254925C600D359E3 /* What's Where (Core Data)UITests.xctest */;
			productType = "com.apple.product-type.bundle.ui-testing";
		};
/* End PBXNativeTarget section */

/* Begin PBXProject section */
		933E1348254925C300D359E3 /* Project object */ = {
			isa = PBXProject;
			attributes = {
				LastSwiftUpdateCheck = 1210;
				LastUpgradeCheck = 1210;
				TargetAttributes = {
					933E134F254925C300D359E3 = {
						CreatedOnToolsVersion = 12.1;
					};
					933E1365254925C600D359E3 = {
						CreatedOnToolsVersion = 12.1;
						TestTargetID = 933E134F254925C300D359E3;
					};
					933E1370254925C600D359E3 = {
						CreatedOnToolsVersion = 12.1;
						TestTargetID = 933E134F254925C300D359E3;
					};
				};
			};
			buildConfigurationList = 933E134B254925C300D359E3 /* Build configuration list for PBXProject "What's Where (Core Data)" */;
			compatibilityVersion = "Xcode 9.3";
			developmentRegion = en;
			hasScannedForEncodings = 0;
			knownRegions = (
				en,
				Base,
			);
			mainGroup = 933E1347254925C300D359E3;
			productRefGroup = 933E1351254925C300D359E3 /* Products */;
			projectDirPath = "";
			projectRoot = "";
			targets = (
				933E134F254925C300D359E3 /* What's Where (Core Data) */,
				933E1365254925C600D359E3 /* What's Where (Core Data)Tests */,
				933E1370254925C600D359E3 /* What's Where (Core Data)UITests */,
			);
		};
/* End PBXProject section */

/* Begin PBXResourcesBuildPhase section */
		933E134E254925C300D359E3 /* Resources */ = {
			isa = PBXResourcesBuildPhase;
			buildActionMask = 2147483647;
			files = (
				933E135B254925C600D359E3 /* Preview Assets.xcassets in Resources */,
				933E1358254925C600D359E3 /* Assets.xcassets in Resources */,
			);
			runOnlyForDeploymentPostprocessing = 0;
		};
		933E1364254925C600D359E3 /* Resources */ = {
			isa = PBXResourcesBuildPhase;
			buildActionMask = 2147483647;
			files = (
			);
			runOnlyForDeploymentPostprocessing = 0;
		};
		933E136F254925C600D359E3 /* Resources */ = {
			isa = PBXResourcesBuildPhase;
			buildActionMask = 2147483647;
			files = (
			);
			runOnlyForDeploymentPostprocessing = 0;
		};
/* End PBXResourcesBuildPhase section */

/* Begin PBXSourcesBuildPhase section */
		933E134C254925C300D359E3 /* Sources */ = {
			isa = PBXSourcesBuildPhase;
			buildActionMask = 2147483647;
			files = (
				933E1360254925C600D359E3 /* What_s_Where__Core_Data_.xcdatamodeld in Sources */,
				933E135D254925C600D359E3 /* Persistence.swift in Sources */,
				933E13A525492BAE00D359E3 /* HomeViewModel.swift in Sources */,
				933E13B225492EF700D359E3 /* NewDataView.swift in Sources */,
				933E1356254925C300D359E3 /* ContentView.swift in Sources */,
				933E1396254927CE00D359E3 /* color.swift in Sources */,
				933E139D25492B6900D359E3 /* Home.swift in Sources */,
				933E1354254925C300D359E3 /* What_s_Where__Core_Data_App.swift in Sources */,
			);
			runOnlyForDeploymentPostprocessing = 0;
		};
		933E1362254925C600D359E3 /* Sources */ = {
			isa = PBXSourcesBuildPhase;
			buildActionMask = 2147483647;
			files = (
				933E136B254925C600D359E3 /* What_s_Where__Core_Data_Tests.swift in Sources */,
			);
			runOnlyForDeploymentPostprocessing = 0;
		};
		933E136D254925C600D359E3 /* Sources */ = {
			isa = PBXSourcesBuildPhase;
			buildActionMask = 2147483647;
			files = (
				933E1376254925C700D359E3 /* What_s_Where__Core_Data_UITests.swift in Sources */,
			);
			runOnlyForDeploymentPostprocessing = 0;
		};
/* End PBXSourcesBuildPhase section */

/* Begin PBXTargetDependency section */
		933E1368254925C600D359E3 /* PBXTargetDependency */ = {
			isa = PBXTargetDependency;
			target = 933E134F254925C300D359E3 /* What's Where (Core Data) */;
			targetProxy = 933E1367254925C600D359E3 /* PBXContainerItemProxy */;
		};
		933E1373254925C600D359E3 /* PBXTargetDependency */ = {
			isa = PBXTargetDependency;
			target = 933E134F254925C300D359E3 /* What's Where (Core Data) */;
			targetProxy = 933E1372254925C600D359E3 /* PBXContainerItemProxy */;
		};
/* End PBXTargetDependency section */

/* Begin XCBuildConfiguration section */
		933E1378254925C700D359E3 /* Debug */ = {
			isa = XCBuildConfiguration;
			buildSettings = {
				ALWAYS_SEARCH_USER_PATHS = NO;
				CLANG_ANALYZER_NONNULL = YES;
				CLANG_ANALYZER_NUMBER_OBJECT_CONVERSION = YES_AGGRESSIVE;
				CLANG_CXX_LANGUAGE_STANDARD = "gnu++14";
				CLANG_CXX_LIBRARY = "libc++";
				CLANG_ENABLE_MODULES = YES;
				CLANG_ENABLE_OBJC_ARC = YES;
				CLANG_ENABLE_OBJC_WEAK = YES;
				CLANG_WARN_BLOCK_CAPTURE_AUTORELEASING = YES;
				CLANG_WARN_BOOL_CONVERSION = YES;
				CLANG_WARN_COMMA = YES;
				CLANG_WARN_CONSTANT_CONVERSION = YES;
				CLANG_WARN_DEPRECATED_OBJC_IMPLEMENTATIONS = YES;
				CLANG_WARN_DIRECT_OBJC_ISA_USAGE = YES_ERROR;
				CLANG_WARN_DOCUMENTATION_COMMENTS = YES;
				CLANG_WARN_EMPTY_BODY = YES;
				CLANG_WARN_ENUM_CONVERSION = YES;
				CLANG_WARN_INFINITE_RECURSION = YES;
				CLANG_WARN_INT_CONVERSION = YES;
				CLANG_WARN_NON_LITERAL_NULL_CONVERSION = YES;
				CLANG_WARN_OBJC_IMPLICIT_RETAIN_SELF = YES;
				CLANG_WARN_OBJC_LITERAL_CONVERSION = YES;
				CLANG_WARN_OBJC_ROOT_CLASS = YES_ERROR;
				CLANG_WARN_QUOTED_INCLUDE_IN_FRAMEWORK_HEADER = YES;
				CLANG_WARN_RANGE_LOOP_ANALYSIS = YES;
				CLANG_WARN_STRICT_PROTOTYPES = YES;
				CLANG_WARN_SUSPICIOUS_MOVE = YES;
				CLANG_WARN_UNGUARDED_AVAILABILITY = YES_AGGRESSIVE;
				CLANG_WARN_UNREACHABLE_CODE = YES;
				CLANG_WARN__DUPLICATE_METHOD_MATCH = YES;
				COPY_PHASE_STRIP = NO;
				DEBUG_INFORMATION_FORMAT = dwarf;
				ENABLE_STRICT_OBJC_MSGSEND = YES;
				ENABLE_TESTABILITY = YES;
				GCC_C_LANGUAGE_STANDARD = gnu11;
				GCC_DYNAMIC_NO_PIC = NO;
				GCC_NO_COMMON_BLOCKS = YES;
				GCC_OPTIMIZATION_LEVEL = 0;
				GCC_PREPROCESSOR_DEFINITIONS = (
					"DEBUG=1",
					"$(inherited)",
				);
				GCC_WARN_64_TO_32_BIT_CONVERSION = YES;
				GCC_WARN_ABOUT_RETURN_TYPE = YES_ERROR;
				GCC_WARN_UNDECLARED_SELECTOR = YES;
				GCC_WARN_UNINITIALIZED_AUTOS = YES_AGGRESSIVE;
				GCC_WARN_UNUSED_FUNCTION = YES;
				GCC_WARN_UNUSED_VARIABLE = YES;
				IPHONEOS_DEPLOYMENT_TARGET = 14.1;
				MTL_ENABLE_DEBUG_INFO = INCLUDE_SOURCE;
				MTL_FAST_MATH = YES;
				ONLY_ACTIVE_ARCH = YES;
				SDKROOT = iphoneos;
				SWIFT_ACTIVE_COMPILATION_CONDITIONS = DEBUG;
				SWIFT_OPTIMIZATION_LEVEL = "-Onone";
			};
			name = Debug;
		};
		933E1379254925C700D359E3 /* Release */ = {
			isa = XCBuildConfiguration;
			buildSettings = {
				ALWAYS_SEARCH_USER_PATHS = NO;
				CLANG_ANALYZER_NONNULL = YES;
				CLANG_ANALYZER_NUMBER_OBJECT_CONVERSION = YES_AGGRESSIVE;
				CLANG_CXX_LANGUAGE_STANDARD = "gnu++14";
				CLANG_CXX_LIBRARY = "libc++";
				CLANG_ENABLE_MODULES = YES;
				CLANG_ENABLE_OBJC_ARC = YES;
				CLANG_ENABLE_OBJC_WEAK = YES;
				CLANG_WARN_BLOCK_CAPTURE_AUTORELEASING = YES;
				CLANG_WARN_BOOL_CONVERSION = YES;
				CLANG_WARN_COMMA = YES;
				CLANG_WARN_CONSTANT_CONVERSION = YES;
				CLANG_WARN_DEPRECATED_OBJC_IMPLEMENTATIONS = YES;
				CLANG_WARN_DIRECT_OBJC_ISA_USAGE = YES_ERROR;
				CLANG_WARN_DOCUMENTATION_COMMENTS = YES;
				CLANG_WARN_EMPTY_BODY = YES;
				CLANG_WARN_ENUM_CONVERSION = YES;
				CLANG_WARN_INFINITE_RECURSION = YES;
				CLANG_WARN_INT_CONVERSION = YES;
				CLANG_WARN_NON_LITERAL_NULL_CONVERSION = YES;
				CLANG_WARN_OBJC_IMPLICIT_RETAIN_SELF = YES;
				CLANG_WARN_OBJC_LITERAL_CONVERSION = YES;
				CLANG_WARN_OBJC_ROOT_CLASS = YES_ERROR;
				CLANG_WARN_QUOTED_INCLUDE_IN_FRAMEWORK_HEADER = YES;
				CLANG_WARN_RANGE_LOOP_ANALYSIS = YES;
				CLANG_WARN_STRICT_PROTOTYPES = YES;
				CLANG_WARN_SUSPICIOUS_MOVE = YES;
				CLANG_WARN_UNGUARDED_AVAILABILITY = YES_AGGRESSIVE;
				CLANG_WARN_UNREACHABLE_CODE = YES;
				CLANG_WARN__DUPLICATE_METHOD_MATCH = YES;
				COPY_PHASE_STRIP = NO;
				DEBUG_INFORMATION_FORMAT = "dwarf-with-dsym";
				ENABLE_NS_ASSERTIONS = NO;
				ENABLE_STRICT_OBJC_MSGSEND = YES;
				GCC_C_LANGUAGE_STANDARD = gnu11;
				GCC_NO_COMMON_BLOCKS = YES;
				GCC_WARN_64_TO_32_BIT_CONVERSION = YES;
				GCC_WARN_ABOUT_RETURN_TYPE = YES_ERROR;
				GCC_WARN_UNDECLARED_SELECTOR = YES;
				GCC_WARN_UNINITIALIZED_AUTOS = YES_AGGRESSIVE;
				GCC_WARN_UNUSED_FUNCTION = YES;
				GCC_WARN_UNUSED_VARIABLE = YES;
				IPHONEOS_DEPLOYMENT_TARGET = 14.1;
				MTL_ENABLE_DEBUG_INFO = NO;
				MTL_FAST_MATH = YES;
				SDKROOT = iphoneos;
				SWIFT_COMPILATION_MODE = wholemodule;
				SWIFT_OPTIMIZATION_LEVEL = "-O";
				VALIDATE_PRODUCT = YES;
			};
			name = Release;
		};
		933E137B254925C700D359E3 /* Debug */ = {
			isa = XCBuildConfiguration;
			buildSettings = {
				ASSETCATALOG_COMPILER_APPICON_NAME = AppIcon;
				ASSETCATALOG_COMPILER_GLOBAL_ACCENT_COLOR_NAME = AccentColor;
				CODE_SIGN_STYLE = Automatic;
				DEVELOPMENT_ASSET_PATHS = "\"What's Where (Core Data)/Preview Content\"";
				DEVELOPMENT_TEAM = S692462R62;
				ENABLE_PREVIEWS = YES;
				INFOPLIST_FILE = "What's Where (Core Data)/Info.plist";
				IPHONEOS_DEPLOYMENT_TARGET = 14.0;
				LD_RUNPATH_SEARCH_PATHS = (
					"$(inherited)",
					"@executable_path/Frameworks",
				);
				PRODUCT_BUNDLE_IDENTIFIER = "com.tayyab.What-s-Where--Core-Data-";
				PRODUCT_NAME = "$(TARGET_NAME)";
				SWIFT_VERSION = 5.0;
				TARGETED_DEVICE_FAMILY = "1,2";
			};
			name = Debug;
		};
		933E137C254925C700D359E3 /* Release */ = {
			isa = XCBuildConfiguration;
			buildSettings = {
				ASSETCATALOG_COMPILER_APPICON_NAME = AppIcon;
				ASSETCATALOG_COMPILER_GLOBAL_ACCENT_COLOR_NAME = AccentColor;
				CODE_SIGN_STYLE = Automatic;
				DEVELOPMENT_ASSET_PATHS = "\"What's Where (Core Data)/Preview Content\"";
				DEVELOPMENT_TEAM = S692462R62;
				ENABLE_PREVIEWS = YES;
				INFOPLIST_FILE = "What's Where (Core Data)/Info.plist";
				IPHONEOS_DEPLOYMENT_TARGET = 14.0;
				LD_RUNPATH_SEARCH_PATHS = (
					"$(inherited)",
					"@executable_path/Frameworks",
				);
				PRODUCT_BUNDLE_IDENTIFIER = "com.tayyab.What-s-Where--Core-Data-";
				PRODUCT_NAME = "$(TARGET_NAME)";
				SWIFT_VERSION = 5.0;
				TARGETED_DEVICE_FAMILY = "1,2";
			};
			name = Release;
		};
		933E137E254925C700D359E3 /* Debug */ = {
			isa = XCBuildConfiguration;
			buildSettings = {
				ALWAYS_EMBED_SWIFT_STANDARD_LIBRARIES = YES;
				BUNDLE_LOADER = "$(TEST_HOST)";
				CODE_SIGN_STYLE = Automatic;
				DEVELOPMENT_TEAM = S692462R62;
				INFOPLIST_FILE = "What's Where (Core Data)Tests/Info.plist";
				IPHONEOS_DEPLOYMENT_TARGET = 14.0;
				LD_RUNPATH_SEARCH_PATHS = (
					"$(inherited)",
					"@executable_path/Frameworks",
					"@loader_path/Frameworks",
				);
				PRODUCT_BUNDLE_IDENTIFIER = "com.tayyab.What-s-Where--Core-Data-Tests";
				PRODUCT_NAME = "$(TARGET_NAME)";
				SWIFT_VERSION = 5.0;
				TARGETED_DEVICE_FAMILY = "1,2";
				TEST_HOST = "$(BUILT_PRODUCTS_DIR)/What's Where (Core Data).app/What's Where (Core Data)";
			};
			name = Debug;
		};
		933E137F254925C700D359E3 /* Release */ = {
			isa = XCBuildConfiguration;
			buildSettings = {
				ALWAYS_EMBED_SWIFT_STANDARD_LIBRARIES = YES;
				BUNDLE_LOADER = "$(TEST_HOST)";
				CODE_SIGN_STYLE = Automatic;
				DEVELOPMENT_TEAM = S692462R62;
				INFOPLIST_FILE = "What's Where (Core Data)Tests/Info.plist";
				IPHONEOS_DEPLOYMENT_TARGET = 14.0;
				LD_RUNPATH_SEARCH_PATHS = (
					"$(inherited)",
					"@executable_path/Frameworks",
					"@loader_path/Frameworks",
				);
				PRODUCT_BUNDLE_IDENTIFIER = "com.tayyab.What-s-Where--Core-Data-Tests";
				PRODUCT_NAME = "$(TARGET_NAME)";
				SWIFT_VERSION = 5.0;
				TARGETED_DEVICE_FAMILY = "1,2";
				TEST_HOST = "$(BUILT_PRODUCTS_DIR)/What's Where (Core Data).app/What's Where (Core Data)";
			};
			name = Release;
		};
		933E1381254925C700D359E3 /* Debug */ = {
			isa = XCBuildConfiguration;
			buildSettings = {
				ALWAYS_EMBED_SWIFT_STANDARD_LIBRARIES = YES;
				CODE_SIGN_STYLE = Automatic;
				DEVELOPMENT_TEAM = S692462R62;
				INFOPLIST_FILE = "What's Where (Core Data)UITests/Info.plist";
				LD_RUNPATH_SEARCH_PATHS = (
					"$(inherited)",
					"@executable_path/Frameworks",
					"@loader_path/Frameworks",
				);
				PRODUCT_BUNDLE_IDENTIFIER = "com.tayyab.What-s-Where--Core-Data-UITests";
				PRODUCT_NAME = "$(TARGET_NAME)";
				SWIFT_VERSION = 5.0;
				TARGETED_DEVICE_FAMILY = "1,2";
				TEST_TARGET_NAME = "What's Where (Core Data)";
			};
			name = Debug;
		};
		933E1382254925C700D359E3 /* Release */ = {
			isa = XCBuildConfiguration;
			buildSettings = {
				ALWAYS_EMBED_SWIFT_STANDARD_LIBRARIES = YES;
				CODE_SIGN_STYLE = Automatic;
				DEVELOPMENT_TEAM = S692462R62;
				INFOPLIST_FILE = "What's Where (Core Data)UITests/Info.plist";
				LD_RUNPATH_SEARCH_PATHS = (
					"$(inherited)",
					"@executable_path/Frameworks",
					"@loader_path/Frameworks",
				);
				PRODUCT_BUNDLE_IDENTIFIER = "com.tayyab.What-s-Where--Core-Data-UITests";
				PRODUCT_NAME = "$(TARGET_NAME)";
				SWIFT_VERSION = 5.0;
				TARGETED_DEVICE_FAMILY = "1,2";
				TEST_TARGET_NAME = "What's Where (Core Data)";
			};
			name = Release;
		};
/* End XCBuildConfiguration section */

/* Begin XCConfigurationList section */
		933E134B254925C300D359E3 /* Build configuration list for PBXProject "What's Where (Core Data)" */ = {
			isa = XCConfigurationList;
			buildConfigurations = (
				933E1378254925C700D359E3 /* Debug */,
				933E1379254925C700D359E3 /* Release */,
			);
			defaultConfigurationIsVisible = 0;
			defaultConfigurationName = Release;
		};
		933E137A254925C700D359E3 /* Build configuration list for PBXNativeTarget "What's Where (Core Data)" */ = {
			isa = XCConfigurationList;
			buildConfigurations = (
				933E137B254925C700D359E3 /* Debug */,
				933E137C254925C700D359E3 /* Release */,
			);
			defaultConfigurationIsVisible = 0;
			defaultConfigurationName = Release;
		};
		933E137D254925C700D359E3 /* Build configuration list for PBXNativeTarget "What's Where (Core Data)Tests" */ = {
			isa = XCConfigurationList;
			buildConfigurations = (
				933E137E254925C700D359E3 /* Debug */,
				933E137F254925C700D359E3 /* Release */,
			);
			defaultConfigurationIsVisible = 0;
			defaultConfigurationName = Release;
		};
		933E1380254925C700D359E3 /* Build configuration list for PBXNativeTarget "What's Where (Core Data)UITests" */ = {
			isa = XCConfigurationList;
			buildConfigurations = (
				933E1381254925C700D359E3 /* Debug */,
				933E1382254925C700D359E3 /* Release */,
			);
			defaultConfigurationIsVisible = 0;
			defaultConfigurationName = Release;
		};
/* End XCConfigurationList section */

/* Begin XCVersionGroup section */
		933E135E254925C600D359E3 /* What_s_Where__Core_Data_.xcdatamodeld */ = {
			isa = XCVersionGroup;
			children = (
				933E135F254925C600D359E3 /* What_s_Where__Core_Data_.xcdatamodel */,
			);
			currentVersion = 933E135F254925C600D359E3 /* What_s_Where__Core_Data_.xcdatamodel */;
			path = What_s_Where__Core_Data_.xcdatamodeld;
			sourceTree = "<group>";
			versionGroupType = wrapper.xcdatamodel;
		};
/* End XCVersionGroup section */
	};
	rootObject = 933E1348254925C300D359E3 /* Project object */;
}
